
Microsoft Visual Studio Solution File, Format Version 12.00
# Visual Studio Version 16
VisualStudioVersion = 16.0.32228.343
MinimumVisualStudioVersion = 10.0.40219.1
Project("{FAE04EC0-301F-11D3-BF4B-00C04F79EFBC}") = "oop-project", "oop-project.csproj", "{44F7AE8E-D71D-437D-B080-59FF4A4B9223}"
EndProject
Global
	GlobalSection(SolutionConfigurationPlatforms) = preSolution
		Debug|Any CPU = Debug|Any CPU
		Release|Any CPU = Release|Any CPU
	EndGlobalSection
	GlobalSection(ProjectConfigurationPlatforms) = postSolution
		{44F7AE8E-D71D-437D-B080-59FF4A4B9223}.Debug|Any CPU.ActiveCfg = Debug|Any CPU
		{44F7AE8E-D71D-437D-B080-59FF4A4B9223}.Debug|Any CPU.Build.0 = Debug|Any CPU
		{44F7AE8E-D71D-437D-B080-59FF4A4B9223}.Release|Any CPU.ActiveCfg = Release|Any CPU
		{44F7AE8E-D71D-437D-B080-59FF4A4B9223}.Release|Any CPU.Build.0 = Release|Any CPU
	EndGlobalSection
	GlobalSection(SolutionProperties) = preSolution
		HideSolutionNode = FALSE
	EndGlobalSection
	GlobalSection(ExtensibilityGlobals) = postSolution
		SolutionGuid = {445FA2B1-B3A3-4668-93DE-6D697A68F6AC}
	EndGlobalSection
EndGlobal
